
Microsoft Visual Studio Solution File, Format Version 12.00
# Visual Studio Version 17
VisualStudioVersion = 17.3.32901.215
MinimumVisualStudioVersion = 10.0.40219.1
Project("{FAE04EC0-301F-11D3-BF4B-00C04F79EFBC}") = "Demo", "Demo\Demo.csproj", "{D81460BD-3506-457B-A0A0-BF3559046CF9}"
EndProject
Global
	GlobalSection(SolutionConfigurationPlatforms) = preSolution
		Debug|Any CPU = Debug|Any CPU
		Release|Any CPU = Release|Any CPU
	EndGlobalSection
	GlobalSection(ProjectConfigurationPlatforms) = postSolution
		{D81460BD-3506-457B-A0A0-BF3559046CF9}.Debug|Any CPU.ActiveCfg = Debug|Any CPU
		{D81460BD-3506-457B-A0A0-BF3559046CF9}.Debug|Any CPU.Build.0 = Debug|Any CPU
		{D81460BD-3506-457B-A0A0-BF3559046CF9}.Release|Any CPU.ActiveCfg = Release|Any CPU
		{D81460BD-3506-457B-A0A0-BF3559046CF9}.Release|Any CPU.Build.0 = Release|Any CPU
	EndGlobalSection
	GlobalSection(SolutionProperties) = preSolution
		HideSolutionNode = FALSE
	EndGlobalSection
	GlobalSection(ExtensibilityGlobals) = postSolution
		SolutionGuid = {B05794D6-22AF-413A-9A15-7ED8A0513118}
	EndGlobalSection
EndGlobal
