
Microsoft Visual Studio Solution File, Format Version 12.00
# Visual Studio Version 17
VisualStudioVersion = 17.3.32901.215
MinimumVisualStudioVersion = 10.0.40219.1
Project("{FAE04EC0-301F-11D3-BF4B-00C04F79EFBC}") = "Test1", "Test1\Test1.csproj", "{DB8C947D-9CC0-41C0-8763-7CE0314C02D0}"
EndProject
Global
	GlobalSection(SolutionConfigurationPlatforms) = preSolution
		Debug|Any CPU = Debug|Any CPU
		Release|Any CPU = Release|Any CPU
	EndGlobalSection
	GlobalSection(ProjectConfigurationPlatforms) = postSolution
		{DB8C947D-9CC0-41C0-8763-7CE0314C02D0}.Debug|Any CPU.ActiveCfg = Debug|Any CPU
		{DB8C947D-9CC0-41C0-8763-7CE0314C02D0}.Debug|Any CPU.Build.0 = Debug|Any CPU
		{DB8C947D-9CC0-41C0-8763-7CE0314C02D0}.Release|Any CPU.ActiveCfg = Release|Any CPU
		{DB8C947D-9CC0-41C0-8763-7CE0314C02D0}.Release|Any CPU.Build.0 = Release|Any CPU
	EndGlobalSection
	GlobalSection(SolutionProperties) = preSolution
		HideSolutionNode = FALSE
	EndGlobalSection
	GlobalSection(ExtensibilityGlobals) = postSolution
		SolutionGuid = {76DA05D2-8BB6-42D0-B204-C6245F9BBD73}
	EndGlobalSection
EndGlobal
