
Microsoft Visual Studio Solution File, Format Version 12.00
# Visual Studio Version 17
VisualStudioVersion = 17.3.32901.215
MinimumVisualStudioVersion = 10.0.40219.1
Project("{FAE04EC0-301F-11D3-BF4B-00C04F79EFBC}") = "Demo", "Demo\Demo.csproj", "{811E9D83-9146-4FCD-B8D9-D9B35992AA46}"
EndProject
Global
	GlobalSection(SolutionConfigurationPlatforms) = preSolution
		Debug|Any CPU = Debug|Any CPU
		Release|Any CPU = Release|Any CPU
	EndGlobalSection
	GlobalSection(ProjectConfigurationPlatforms) = postSolution
		{811E9D83-9146-4FCD-B8D9-D9B35992AA46}.Debug|Any CPU.ActiveCfg = Debug|Any CPU
		{811E9D83-9146-4FCD-B8D9-D9B35992AA46}.Debug|Any CPU.Build.0 = Debug|Any CPU
		{811E9D83-9146-4FCD-B8D9-D9B35992AA46}.Release|Any CPU.ActiveCfg = Release|Any CPU
		{811E9D83-9146-4FCD-B8D9-D9B35992AA46}.Release|Any CPU.Build.0 = Release|Any CPU
	EndGlobalSection
	GlobalSection(SolutionProperties) = preSolution
		HideSolutionNode = FALSE
	EndGlobalSection
	GlobalSection(ExtensibilityGlobals) = postSolution
		SolutionGuid = {1FD9AC3B-D5FE-4C13-BE68-52383E681BB1}
	EndGlobalSection
EndGlobal
