
Microsoft Visual Studio Solution File, Format Version 12.00
# Visual Studio Version 17
VisualStudioVersion = 17.3.32901.215
MinimumVisualStudioVersion = 10.0.40219.1
Project("{FAE04EC0-301F-11D3-BF4B-00C04F79EFBC}") = "Demo", "Demo\Demo.csproj", "{1E9D3C3B-E01F-4069-9F92-0AC77785A381}"
EndProject
Global
	GlobalSection(SolutionConfigurationPlatforms) = preSolution
		Debug|Any CPU = Debug|Any CPU
		Release|Any CPU = Release|Any CPU
	EndGlobalSection
	GlobalSection(ProjectConfigurationPlatforms) = postSolution
		{1E9D3C3B-E01F-4069-9F92-0AC77785A381}.Debug|Any CPU.ActiveCfg = Debug|Any CPU
		{1E9D3C3B-E01F-4069-9F92-0AC77785A381}.Debug|Any CPU.Build.0 = Debug|Any CPU
		{1E9D3C3B-E01F-4069-9F92-0AC77785A381}.Release|Any CPU.ActiveCfg = Release|Any CPU
		{1E9D3C3B-E01F-4069-9F92-0AC77785A381}.Release|Any CPU.Build.0 = Release|Any CPU
	EndGlobalSection
	GlobalSection(SolutionProperties) = preSolution
		HideSolutionNode = FALSE
	EndGlobalSection
	GlobalSection(ExtensibilityGlobals) = postSolution
		SolutionGuid = {6B5352B2-2B30-4F62-8614-8FDA45D34AB7}
	EndGlobalSection
EndGlobal
